{"1.1.0",
[{<<"erlide_common">>,{localdep,"../common/apps/erlide_common"},0},
 {<<"erlide_ide_core">>,{localdep,"../ide/apps/erlide_ide_core"},0},
 {<<"getopt">>,{pkg,<<"getopt">>,<<"0.8.2">>},0},
 {<<"jsx">>,
  {git,"https://github.com/talentdeficit/jsx.git",
       {ref,"d4b6d3dc5fd9e759ff7a0c476654ea5124f5bae9"}},
  0}]}.
[
{pkg_hash,[
 {<<"getopt">>, <<"B17556DB683000BA50370B16C0619DF1337E7AF7ECBF7D64FBF8D1D6BCE3109B">>}]}
].
